
Microsoft Visual Studio Solution File, Format Version 12.00
# Visual Studio Version 17
VisualStudioVersion = 17.0.32112.339
MinimumVisualStudioVersion = 10.0.40219.1
Project("{FAE04EC0-301F-11D3-BF4B-00C04F79EFBC}") = "SSLValidator.Server", "SSLValidator\Server\SSLValidator.Server.csproj", "{AE6B4E56-654B-41B4-98CC-FDC84E0495DD}"
EndProject
Project("{FAE04EC0-301F-11D3-BF4B-00C04F79EFBC}") = "SSLValidator.Client", "SSLValidator\Client\SSLValidator.Client.csproj", "{6A29B552-C691-456C-BA75-5B7447354EEC}"
EndProject
Project("{FAE04EC0-301F-11D3-BF4B-00C04F79EFBC}") = "SSLValidator.Shared", "SSLValidator\Shared\SSLValidator.Shared.csproj", "{82117FEA-3E80-4AF4-BBA4-9179896C5C76}"
EndProject
Global
	GlobalSection(SolutionConfigurationPlatforms) = preSolution
		Debug|Any CPU = Debug|Any CPU
		Release|Any CPU = Release|Any CPU
	EndGlobalSection
	GlobalSection(ProjectConfigurationPlatforms) = postSolution
		{AE6B4E56-654B-41B4-98CC-FDC84E0495DD}.Debug|Any CPU.ActiveCfg = Debug|Any CPU
		{AE6B4E56-654B-41B4-98CC-FDC84E0495DD}.Debug|Any CPU.Build.0 = Debug|Any CPU
		{AE6B4E56-654B-41B4-98CC-FDC84E0495DD}.Release|Any CPU.ActiveCfg = Release|Any CPU
		{AE6B4E56-654B-41B4-98CC-FDC84E0495DD}.Release|Any CPU.Build.0 = Release|Any CPU
		{6A29B552-C691-456C-BA75-5B7447354EEC}.Debug|Any CPU.ActiveCfg = Debug|Any CPU
		{6A29B552-C691-456C-BA75-5B7447354EEC}.Debug|Any CPU.Build.0 = Debug|Any CPU
		{6A29B552-C691-456C-BA75-5B7447354EEC}.Release|Any CPU.ActiveCfg = Release|Any CPU
		{6A29B552-C691-456C-BA75-5B7447354EEC}.Release|Any CPU.Build.0 = Release|Any CPU
		{82117FEA-3E80-4AF4-BBA4-9179896C5C76}.Debug|Any CPU.ActiveCfg = Debug|Any CPU
		{82117FEA-3E80-4AF4-BBA4-9179896C5C76}.Debug|Any CPU.Build.0 = Debug|Any CPU
		{82117FEA-3E80-4AF4-BBA4-9179896C5C76}.Release|Any CPU.ActiveCfg = Release|Any CPU
		{82117FEA-3E80-4AF4-BBA4-9179896C5C76}.Release|Any CPU.Build.0 = Release|Any CPU
	EndGlobalSection
	GlobalSection(SolutionProperties) = preSolution
		HideSolutionNode = FALSE
	EndGlobalSection
	GlobalSection(ExtensibilityGlobals) = postSolution
		SolutionGuid = {73342F13-2A69-4ABB-BCF5-30A63DFB5F9A}
	EndGlobalSection
EndGlobal
